
Microsoft Visual Studio Solution File, Format Version 12.00
# Visual Studio Version 16
VisualStudioVersion = 16.0.30907.101
MinimumVisualStudioVersion = 10.0.40219.1
Project("{FAE04EC0-301F-11D3-BF4B-00C04F79EFBC}") = "TesteJanela", "TesteJanela.csproj", "{D2C4FA85-F6E7-47A8-A13C-6AFCF1E3A0BA}"
EndProject
Global
	GlobalSection(SolutionConfigurationPlatforms) = preSolution
		Debug|Any CPU = Debug|Any CPU
		Release|Any CPU = Release|Any CPU
	EndGlobalSection
	GlobalSection(ProjectConfigurationPlatforms) = postSolution
		{D2C4FA85-F6E7-47A8-A13C-6AFCF1E3A0BA}.Debug|Any CPU.ActiveCfg = Debug|Any CPU
		{D2C4FA85-F6E7-47A8-A13C-6AFCF1E3A0BA}.Debug|Any CPU.Build.0 = Debug|Any CPU
		{D2C4FA85-F6E7-47A8-A13C-6AFCF1E3A0BA}.Release|Any CPU.ActiveCfg = Release|Any CPU
		{D2C4FA85-F6E7-47A8-A13C-6AFCF1E3A0BA}.Release|Any CPU.Build.0 = Release|Any CPU
	EndGlobalSection
	GlobalSection(SolutionProperties) = preSolution
		HideSolutionNode = FALSE
	EndGlobalSection
	GlobalSection(ExtensibilityGlobals) = postSolution
		SolutionGuid = {ABB4550A-40AC-4F92-8593-9968F36EAA4D}
	EndGlobalSection
EndGlobal
