
Microsoft Visual Studio Solution File, Format Version 12.00
# Visual Studio Version 16
VisualStudioVersion = 16.0.30907.101
MinimumVisualStudioVersion = 10.0.40219.1
Project("{FAE04EC0-301F-11D3-BF4B-00C04F79EFBC}") = "FatorialRecursivo", "FatorialRecursivo.csproj", "{9A5005C2-297B-4BE9-982F-A30A1A2DC8C6}"
EndProject
Global
	GlobalSection(SolutionConfigurationPlatforms) = preSolution
		Debug|Any CPU = Debug|Any CPU
		Release|Any CPU = Release|Any CPU
	EndGlobalSection
	GlobalSection(ProjectConfigurationPlatforms) = postSolution
		{9A5005C2-297B-4BE9-982F-A30A1A2DC8C6}.Debug|Any CPU.ActiveCfg = Debug|Any CPU
		{9A5005C2-297B-4BE9-982F-A30A1A2DC8C6}.Debug|Any CPU.Build.0 = Debug|Any CPU
		{9A5005C2-297B-4BE9-982F-A30A1A2DC8C6}.Release|Any CPU.ActiveCfg = Release|Any CPU
		{9A5005C2-297B-4BE9-982F-A30A1A2DC8C6}.Release|Any CPU.Build.0 = Release|Any CPU
	EndGlobalSection
	GlobalSection(SolutionProperties) = preSolution
		HideSolutionNode = FALSE
	EndGlobalSection
	GlobalSection(ExtensibilityGlobals) = postSolution
		SolutionGuid = {0A929587-5F84-474E-BFAA-7287BA994EB8}
	EndGlobalSection
EndGlobal
