
Microsoft Visual Studio Solution File, Format Version 12.00
# Visual Studio Version 16
VisualStudioVersion = 16.0.30907.101
MinimumVisualStudioVersion = 10.0.40219.1
Project("{FAE04EC0-301F-11D3-BF4B-00C04F79EFBC}") = "MediaGeralPOO", "MediaGeralPOO.csproj", "{416B48AE-556C-4E84-9A33-3072ABB2C75D}"
EndProject
Global
	GlobalSection(SolutionConfigurationPlatforms) = preSolution
		Debug|Any CPU = Debug|Any CPU
		Release|Any CPU = Release|Any CPU
	EndGlobalSection
	GlobalSection(ProjectConfigurationPlatforms) = postSolution
		{416B48AE-556C-4E84-9A33-3072ABB2C75D}.Debug|Any CPU.ActiveCfg = Debug|Any CPU
		{416B48AE-556C-4E84-9A33-3072ABB2C75D}.Debug|Any CPU.Build.0 = Debug|Any CPU
		{416B48AE-556C-4E84-9A33-3072ABB2C75D}.Release|Any CPU.ActiveCfg = Release|Any CPU
		{416B48AE-556C-4E84-9A33-3072ABB2C75D}.Release|Any CPU.Build.0 = Release|Any CPU
	EndGlobalSection
	GlobalSection(SolutionProperties) = preSolution
		HideSolutionNode = FALSE
	EndGlobalSection
	GlobalSection(ExtensibilityGlobals) = postSolution
		SolutionGuid = {BF59F21D-E4F7-469B-BBBC-92245835BDB4}
	EndGlobalSection
EndGlobal
