
Microsoft Visual Studio Solution File, Format Version 12.00
# Visual Studio Version 16
VisualStudioVersion = 16.0.30907.101
MinimumVisualStudioVersion = 10.0.40219.1
Project("{FAE04EC0-301F-11D3-BF4B-00C04F79EFBC}") = "Sharpth", "Sharpth.csproj", "{EFBBBEE8-5054-47C7-8BCA-565DEA07D53F}"
EndProject
Global
	GlobalSection(SolutionConfigurationPlatforms) = preSolution
		Debug|Any CPU = Debug|Any CPU
		Release|Any CPU = Release|Any CPU
	EndGlobalSection
	GlobalSection(ProjectConfigurationPlatforms) = postSolution
		{EFBBBEE8-5054-47C7-8BCA-565DEA07D53F}.Debug|Any CPU.ActiveCfg = Debug|Any CPU
		{EFBBBEE8-5054-47C7-8BCA-565DEA07D53F}.Debug|Any CPU.Build.0 = Debug|Any CPU
		{EFBBBEE8-5054-47C7-8BCA-565DEA07D53F}.Release|Any CPU.ActiveCfg = Release|Any CPU
		{EFBBBEE8-5054-47C7-8BCA-565DEA07D53F}.Release|Any CPU.Build.0 = Release|Any CPU
	EndGlobalSection
	GlobalSection(SolutionProperties) = preSolution
		HideSolutionNode = FALSE
	EndGlobalSection
	GlobalSection(ExtensibilityGlobals) = postSolution
		SolutionGuid = {84034439-998E-49DF-A382-A54BCB4A26D9}
	EndGlobalSection
EndGlobal
